
Microsoft Visual Studio Solution File, Format Version 12.00
# Visual Studio 15
VisualStudioVersion = 15.0.28307.1169
MinimumVisualStudioVersion = 10.0.40219.1
Project("{FAE04EC0-301F-11D3-BF4B-00C04F79EFBC}") = "test", "test\test.csproj", "{26F96584-0BFF-4AA5-ABF7-087C893032A6}"
EndProject
Global
	GlobalSection(SolutionConfigurationPlatforms) = preSolution
		Debug|Any CPU = Debug|Any CPU
		Release|Any CPU = Release|Any CPU
	EndGlobalSection
	GlobalSection(ProjectConfigurationPlatforms) = postSolution
		{26F96584-0BFF-4AA5-ABF7-087C893032A6}.Debug|Any CPU.ActiveCfg = Debug|Any CPU
		{26F96584-0BFF-4AA5-ABF7-087C893032A6}.Debug|Any CPU.Build.0 = Debug|Any CPU
		{26F96584-0BFF-4AA5-ABF7-087C893032A6}.Release|Any CPU.ActiveCfg = Release|Any CPU
		{26F96584-0BFF-4AA5-ABF7-087C893032A6}.Release|Any CPU.Build.0 = Release|Any CPU
	EndGlobalSection
	GlobalSection(SolutionProperties) = preSolution
		HideSolutionNode = FALSE
	EndGlobalSection
	GlobalSection(ExtensibilityGlobals) = postSolution
		SolutionGuid = {7832F584-8614-44D2-B4DE-F086CB191D28}
	EndGlobalSection
EndGlobal
